// !$*UTF8*$!
{
	archiveVersion = 1;
	classes = {
	};
	objectVersion = 56;
	objects = {

/* Begin PBXBuildFile section */
		B268463A2B20B4AC00B5AD8E /* IntegrationApp.swift in Sources */ = {isa = PBXBuildFile; fileRef = B26846392B20B4AC00B5AD8E /* IntegrationApp.swift */; };
		B268463C2B20B4AC00B5AD8E /* ContentView.swift in Sources */ = {isa = PBXBuildFile; fileRef = B268463B2B20B4AC00B5AD8E /* ContentView.swift */; };
		B268463E2B20B4AD00B5AD8E /* Assets.xcassets in Resources */ = {isa = PBXBuildFile; fileRef = B268463D2B20B4AD00B5AD8E /* Assets.xcassets */; };
		B26846412B20B4AD00B5AD8E /* Preview Assets.xcassets in Resources */ = {isa = PBXBuildFile; fileRef = B26846402B20B4AD00B5AD8E /* Preview Assets.xcassets */; };
		B268464B2B20B4AE00B5AD8E /* IntegrationTests.swift in Sources */ = {isa = PBXBuildFile; fileRef = B268464A2B20B4AE00B5AD8E /* IntegrationTests.swift */; };
		B26846552B20B4AE00B5AD8E /* IntegrationUITests.swift in Sources */ = {isa = PBXBuildFile; fileRef = B26846542B20B4AE00B5AD8E /* IntegrationUITests.swift */; };
		B26846572B20B4AE00B5AD8E /* IntegrationUITestsLaunchTests.swift in Sources */ = {isa = PBXBuildFile; fileRef = B26846562B20B4AE00B5AD8E /* IntegrationUITestsLaunchTests.swift */; };
/* End PBXBuildFile section */

/* Begin PBXContainerItemProxy section */
		B26846472B20B4AE00B5AD8E /* PBXContainerItemProxy */ = {
			isa = PBXContainerItemProxy;
			containerPortal = B268462E2B20B4AC00B5AD8E /* Project object */;
			proxyType = 1;
			remoteGlobalIDString = B26846352B20B4AC00B5AD8E;
			remoteInfo = Integration;
		};
		B26846512B20B4AE00B5AD8E /* PBXContainerItemProxy */ = {
			isa = PBXContainerItemProxy;
			containerPortal = B268462E2B20B4AC00B5AD8E /* Project object */;
			proxyType = 1;
			remoteGlobalIDString = B26846352B20B4AC00B5AD8E;
			remoteInfo = Integration;
		};
/* End PBXContainerItemProxy section */

/* Begin PBXFileReference section */
		B26846362B20B4AC00B5AD8E /* Integration.app */ = {isa = PBXFileReference; explicitFileType = wrapper.application; includeInIndex = 0; path = Integration.app; sourceTree = BUILT_PRODUCTS_DIR; };
		B26846392B20B4AC00B5AD8E /* IntegrationApp.swift */ = {isa = PBXFileReference; lastKnownFileType = sourcecode.swift; path = IntegrationApp.swift; sourceTree = "<group>"; };
		B268463B2B20B4AC00B5AD8E /* ContentView.swift */ = {isa = PBXFileReference; lastKnownFileType = sourcecode.swift; path = ContentView.swift; sourceTree = "<group>"; };
		B268463D2B20B4AD00B5AD8E /* Assets.xcassets */ = {isa = PBXFileReference; lastKnownFileType = folder.assetcatalog; path = Assets.xcassets; sourceTree = "<group>"; };
		B26846402B20B4AD00B5AD8E /* Preview Assets.xcassets */ = {isa = PBXFileReference; lastKnownFileType = folder.assetcatalog; path = "Preview Assets.xcassets"; sourceTree = "<group>"; };
		B26846462B20B4AE00B5AD8E /* IntegrationTests.xctest */ = {isa = PBXFileReference; explicitFileType = wrapper.cfbundle; includeInIndex = 0; path = IntegrationTests.xctest; sourceTree = BUILT_PRODUCTS_DIR; };
		B268464A2B20B4AE00B5AD8E /* IntegrationTests.swift */ = {isa = PBXFileReference; lastKnownFileType = sourcecode.swift; path = IntegrationTests.swift; sourceTree = "<group>"; };
		B26846502B20B4AE00B5AD8E /* IntegrationUITests.xctest */ = {isa = PBXFileReference; explicitFileType = wrapper.cfbundle; includeInIndex = 0; path = IntegrationUITests.xctest; sourceTree = BUILT_PRODUCTS_DIR; };
		B26846542B20B4AE00B5AD8E /* IntegrationUITests.swift */ = {isa = PBXFileReference; lastKnownFileType = sourcecode.swift; path = IntegrationUITests.swift; sourceTree = "<group>"; };
		B26846562B20B4AE00B5AD8E /* IntegrationUITestsLaunchTests.swift */ = {isa = PBXFileReference; lastKnownFileType = sourcecode.swift; path = IntegrationUITestsLaunchTests.swift; sourceTree = "<group>"; };
/* End PBXFileReference section */

/* Begin PBXFrameworksBuildPhase section */
		B26846332B20B4AC00B5AD8E /* Frameworks */ = {
			isa = PBXFrameworksBuildPhase;
			buildActionMask = 2147483647;
			files = (
			);
			runOnlyForDeploymentPostprocessing = 0;
		};
		B26846432B20B4AE00B5AD8E /* Frameworks */ = {
			isa = PBXFrameworksBuildPhase;
			buildActionMask = 2147483647;
			files = (
			);
			runOnlyForDeploymentPostprocessing = 0;
		};
		B268464D2B20B4AE00B5AD8E /* Frameworks */ = {
			isa = PBXFrameworksBuildPhase;
			buildActionMask = 2147483647;
			files = (
			);
			runOnlyForDeploymentPostprocessing = 0;
		};
/* End PBXFrameworksBuildPhase section */

/* Begin PBXGroup section */
		B268462D2B20B4AC00B5AD8E = {
			isa = PBXGroup;
			children = (
				B26846382B20B4AC00B5AD8E /* Integration */,
				B26846492B20B4AE00B5AD8E /* IntegrationTests */,
				B26846532B20B4AE00B5AD8E /* IntegrationUITests */,
				B26846372B20B4AC00B5AD8E /* Products */,
			);
			sourceTree = "<group>";
		};
		B26846372B20B4AC00B5AD8E /* Products */ = {
			isa = PBXGroup;
			children = (
				B26846362B20B4AC00B5AD8E /* Integration.app */,
				B26846462B20B4AE00B5AD8E /* IntegrationTests.xctest */,
				B26846502B20B4AE00B5AD8E /* IntegrationUITests.xctest */,
			);
			name = Products;
			sourceTree = "<group>";
		};
		B26846382B20B4AC00B5AD8E /* Integration */ = {
			isa = PBXGroup;
			children = (
				B26846392B20B4AC00B5AD8E /* IntegrationApp.swift */,
				B268463B2B20B4AC00B5AD8E /* ContentView.swift */,
				B268463D2B20B4AD00B5AD8E /* Assets.xcassets */,
				B268463F2B20B4AD00B5AD8E /* Preview Content */,
			);
			path = Integration;
			sourceTree = "<group>";
		};
		B268463F2B20B4AD00B5AD8E /* Preview Content */ = {
			isa = PBXGroup;
			children = (
				B26846402B20B4AD00B5AD8E /* Preview Assets.xcassets */,
			);
			path = "Preview Content";
			sourceTree = "<group>";
		};
		B26846492B20B4AE00B5AD8E /* IntegrationTests */ = {
			isa = PBXGroup;
			children = (
				B268464A2B20B4AE00B5AD8E /* IntegrationTests.swift */,
			);
			path = IntegrationTests;
			sourceTree = "<group>";
		};
		B26846532B20B4AE00B5AD8E /* IntegrationUITests */ = {
			isa = PBXGroup;
			children = (
				B26846542B20B4AE00B5AD8E /* IntegrationUITests.swift */,
				B26846562B20B4AE00B5AD8E /* IntegrationUITestsLaunchTests.swift */,
			);
			path = IntegrationUITests;
			sourceTree = "<group>";
		};
/* End PBXGroup section */

/* Begin PBXNativeTarget section */
		B26846352B20B4AC00B5AD8E /* Integration */ = {
			isa = PBXNativeTarget;
			buildConfigurationList = B268465A2B20B4AE00B5AD8E /* Build configuration list for PBXNativeTarget "Integration" */;
			buildPhases = (
				B26846322B20B4AC00B5AD8E /* Sources */,
				B26846332B20B4AC00B5AD8E /* Frameworks */,
				B26846342B20B4AC00B5AD8E /* Resources */,
			);
			buildRules = (
			);
			dependencies = (
			);
			name = Integration;
			productName = Integration;
			productReference = B26846362B20B4AC00B5AD8E /* Integration.app */;
			productType = "com.apple.product-type.application";
		};
		B26846452B20B4AE00B5AD8E /* IntegrationTests */ = {
			isa = PBXNativeTarget;
			buildConfigurationList = B268465D2B20B4AE00B5AD8E /* Build configuration list for PBXNativeTarget "IntegrationTests" */;
			buildPhases = (
				B26846422B20B4AE00B5AD8E /* Sources */,
				B26846432B20B4AE00B5AD8E /* Frameworks */,
				B26846442B20B4AE00B5AD8E /* Resources */,
			);
			buildRules = (
			);
			dependencies = (
				B26846482B20B4AE00B5AD8E /* PBXTargetDependency */,
			);
			name = IntegrationTests;
			productName = IntegrationTests;
			productReference = B26846462B20B4AE00B5AD8E /* IntegrationTests.xctest */;
			productType = "com.apple.product-type.bundle.unit-test";
		};
		B268464F2B20B4AE00B5AD8E /* IntegrationUITests */ = {
			isa = PBXNativeTarget;
			buildConfigurationList = B26846602B20B4AE00B5AD8E /* Build configuration list for PBXNativeTarget "IntegrationUITests" */;
			buildPhases = (
				B268464C2B20B4AE00B5AD8E /* Sources */,
				B268464D2B20B4AE00B5AD8E /* Frameworks */,
				B268464E2B20B4AE00B5AD8E /* Resources */,
			);
			buildRules = (
			);
			dependencies = (
				B26846522B20B4AE00B5AD8E /* PBXTargetDependency */,
			);
			name = IntegrationUITests;
			productName = IntegrationUITests;
			productReference = B26846502B20B4AE00B5AD8E /* IntegrationUITests.xctest */;
			productType = "com.apple.product-type.bundle.ui-testing";
		};
/* End PBXNativeTarget section */

/* Begin PBXProject section */
		B268462E2B20B4AC00B5AD8E /* Project object */ = {
			isa = PBXProject;
			attributes = {
				BuildIndependentTargetsInParallel = 1;
				LastSwiftUpdateCheck = 1430;
				LastUpgradeCheck = 1430;
				TargetAttributes = {
					B26846352B20B4AC00B5AD8E = {
						CreatedOnToolsVersion = 14.3.1;
					};
					B26846452B20B4AE00B5AD8E = {
						CreatedOnToolsVersion = 14.3.1;
						TestTargetID = B26846352B20B4AC00B5AD8E;
					};
					B268464F2B20B4AE00B5AD8E = {
						CreatedOnToolsVersion = 14.3.1;
						TestTargetID = B26846352B20B4AC00B5AD8E;
					};
				};
			};
			buildConfigurationList = B26846312B20B4AC00B5AD8E /* Build configuration list for PBXProject "Integration" */;
			compatibilityVersion = "Xcode 14.0";
			developmentRegion = en;
			hasScannedForEncodings = 0;
			knownRegions = (
				en,
				Base,
			);
			mainGroup = B268462D2B20B4AC00B5AD8E;
			productRefGroup = B26846372B20B4AC00B5AD8E /* Products */;
			projectDirPath = "";
			projectRoot = "";
			targets = (
				B26846352B20B4AC00B5AD8E /* Integration */,
				B26846452B20B4AE00B5AD8E /* IntegrationTests */,
				B268464F2B20B4AE00B5AD8E /* IntegrationUITests */,
			);
		};
/* End PBXProject section */

/* Begin PBXResourcesBuildPhase section */
		B26846342B20B4AC00B5AD8E /* Resources */ = {
			isa = PBXResourcesBuildPhase;
			buildActionMask = 2147483647;
			files = (
				B26846412B20B4AD00B5AD8E /* Preview Assets.xcassets in Resources */,
				B268463E2B20B4AD00B5AD8E /* Assets.xcassets in Resources */,
			);
			runOnlyForDeploymentPostprocessing = 0;
		};
		B26846442B20B4AE00B5AD8E /* Resources */ = {
			isa = PBXResourcesBuildPhase;
			buildActionMask = 2147483647;
			files = (
			);
			runOnlyForDeploymentPostprocessing = 0;
		};
		B268464E2B20B4AE00B5AD8E /* Resources */ = {
			isa = PBXResourcesBuildPhase;
			buildActionMask = 2147483647;
			files = (
			);
			runOnlyForDeploymentPostprocessing = 0;
		};
/* End PBXResourcesBuildPhase section */

/* Begin PBXSourcesBuildPhase section */
		B26846322B20B4AC00B5AD8E /* Sources */ = {
			isa = PBXSourcesBuildPhase;
			buildActionMask = 2147483647;
			files = (
				B268463C2B20B4AC00B5AD8E /* ContentView.swift in Sources */,
				B268463A2B20B4AC00B5AD8E /* IntegrationApp.swift in Sources */,
			);
			runOnlyForDeploymentPostprocessing = 0;
		};
		B26846422B20B4AE00B5AD8E /* Sources */ = {
			isa = PBXSourcesBuildPhase;
			buildActionMask = 2147483647;
			files = (
				B268464B2B20B4AE00B5AD8E /* IntegrationTests.swift in Sources */,
			);
			runOnlyForDeploymentPostprocessing = 0;
		};
		B268464C2B20B4AE00B5AD8E /* Sources */ = {
			isa = PBXSourcesBuildPhase;
			buildActionMask = 2147483647;
			files = (
				B26846552B20B4AE00B5AD8E /* IntegrationUITests.swift in Sources */,
				B26846572B20B4AE00B5AD8E /* IntegrationUITestsLaunchTests.swift in Sources */,
			);
			runOnlyForDeploymentPostprocessing = 0;
		};
/* End PBXSourcesBuildPhase section */

/* Begin PBXTargetDependency section */
		B26846482B20B4AE00B5AD8E /* PBXTargetDependency */ = {
			isa = PBXTargetDependency;
			target = B26846352B20B4AC00B5AD8E /* Integration */;
			targetProxy = B26846472B20B4AE00B5AD8E /* PBXContainerItemProxy */;
		};
		B26846522B20B4AE00B5AD8E /* PBXTargetDependency */ = {
			isa = PBXTargetDependency;
			target = B26846352B20B4AC00B5AD8E /* Integration */;
			targetProxy = B26846512B20B4AE00B5AD8E /* PBXContainerItemProxy */;
		};
/* End PBXTargetDependency section */

/* Begin XCBuildConfiguration section */
		B26846582B20B4AE00B5AD8E /* Debug */ = {
			isa = XCBuildConfiguration;
			buildSettings = {
				ALWAYS_SEARCH_USER_PATHS = NO;
				CLANG_ANALYZER_NONNULL = YES;
				CLANG_ANALYZER_NUMBER_OBJECT_CONVERSION = YES_AGGRESSIVE;
				CLANG_CXX_LANGUAGE_STANDARD = "gnu++20";
				CLANG_ENABLE_MODULES = YES;
				CLANG_ENABLE_OBJC_ARC = YES;
				CLANG_ENABLE_OBJC_WEAK = YES;
				CLANG_WARN_BLOCK_CAPTURE_AUTORELEASING = YES;
				CLANG_WARN_BOOL_CONVERSION = YES;
				CLANG_WARN_COMMA = YES;
				CLANG_WARN_CONSTANT_CONVERSION = YES;
				CLANG_WARN_DEPRECATED_OBJC_IMPLEMENTATIONS = YES;
				CLANG_WARN_DIRECT_OBJC_ISA_USAGE = YES_ERROR;
				CLANG_WARN_DOCUMENTATION_COMMENTS = YES;
				CLANG_WARN_EMPTY_BODY = YES;
				CLANG_WARN_ENUM_CONVERSION = YES;
				CLANG_WARN_INFINITE_RECURSION = YES;
				CLANG_WARN_INT_CONVERSION = YES;
				CLANG_WARN_NON_LITERAL_NULL_CONVERSION = YES;
				CLANG_WARN_OBJC_IMPLICIT_RETAIN_SELF = YES;
				CLANG_WARN_OBJC_LITERAL_CONVERSION = YES;
				CLANG_WARN_OBJC_ROOT_CLASS = YES_ERROR;
				CLANG_WARN_QUOTED_INCLUDE_IN_FRAMEWORK_HEADER = YES;
				CLANG_WARN_RANGE_LOOP_ANALYSIS = YES;
				CLANG_WARN_STRICT_PROTOTYPES = YES;
				CLANG_WARN_SUSPICIOUS_MOVE = YES;
				CLANG_WARN_UNGUARDED_AVAILABILITY = YES_AGGRESSIVE;
				CLANG_WARN_UNREACHABLE_CODE = YES;
				CLANG_WARN__DUPLICATE_METHOD_MATCH = YES;
				COPY_PHASE_STRIP = NO;
				DEBUG_INFORMATION_FORMAT = dwarf;
				ENABLE_STRICT_OBJC_MSGSEND = YES;
				ENABLE_TESTABILITY = YES;
				GCC_C_LANGUAGE_STANDARD = gnu11;
				GCC_DYNAMIC_NO_PIC = NO;
				GCC_NO_COMMON_BLOCKS = YES;
				GCC_OPTIMIZATION_LEVEL = 0;
				GCC_PREPROCESSOR_DEFINITIONS = (
					"DEBUG=1",
					"$(inherited)",
				);
				GCC_WARN_64_TO_32_BIT_CONVERSION = YES;
				GCC_WARN_ABOUT_RETURN_TYPE = YES_ERROR;
				GCC_WARN_UNDECLARED_SELECTOR = YES;
				GCC_WARN_UNINITIALIZED_AUTOS = YES_AGGRESSIVE;
				GCC_WARN_UNUSED_FUNCTION = YES;
				GCC_WARN_UNUSED_VARIABLE = YES;
				IPHONEOS_DEPLOYMENT_TARGET = 16.4;
				MTL_ENABLE_DEBUG_INFO = INCLUDE_SOURCE;
				MTL_FAST_MATH = YES;
				ONLY_ACTIVE_ARCH = YES;
				SDKROOT = iphoneos;
				SWIFT_ACTIVE_COMPILATION_CONDITIONS = DEBUG;
				SWIFT_OPTIMIZATION_LEVEL = "-Onone";
			};
			name = Debug;
		};
		B26846592B20B4AE00B5AD8E /* Release */ = {
			isa = XCBuildConfiguration;
			buildSettings = {
				ALWAYS_SEARCH_USER_PATHS = NO;
				CLANG_ANALYZER_NONNULL = YES;
				CLANG_ANALYZER_NUMBER_OBJECT_CONVERSION = YES_AGGRESSIVE;
				CLANG_CXX_LANGUAGE_STANDARD = "gnu++20";
				CLANG_ENABLE_MODULES = YES;
				CLANG_ENABLE_OBJC_ARC = YES;
				CLANG_ENABLE_OBJC_WEAK = YES;
				CLANG_WARN_BLOCK_CAPTURE_AUTORELEASING = YES;
				CLANG_WARN_BOOL_CONVERSION = YES;
				CLANG_WARN_COMMA = YES;
				CLANG_WARN_CONSTANT_CONVERSION = YES;
				CLANG_WARN_DEPRECATED_OBJC_IMPLEMENTATIONS = YES;
				CLANG_WARN_DIRECT_OBJC_ISA_USAGE = YES_ERROR;
				CLANG_WARN_DOCUMENTATION_COMMENTS = YES;
				CLANG_WARN_EMPTY_BODY = YES;
				CLANG_WARN_ENUM_CONVERSION = YES;
				CLANG_WARN_INFINITE_RECURSION = YES;
				CLANG_WARN_INT_CONVERSION = YES;
				CLANG_WARN_NON_LITERAL_NULL_CONVERSION = YES;
				CLANG_WARN_OBJC_IMPLICIT_RETAIN_SELF = YES;
				CLANG_WARN_OBJC_LITERAL_CONVERSION = YES;
				CLANG_WARN_OBJC_ROOT_CLASS = YES_ERROR;
				CLANG_WARN_QUOTED_INCLUDE_IN_FRAMEWORK_HEADER = YES;
				CLANG_WARN_RANGE_LOOP_ANALYSIS = YES;
				CLANG_WARN_STRICT_PROTOTYPES = YES;
				CLANG_WARN_SUSPICIOUS_MOVE = YES;
				CLANG_WARN_UNGUARDED_AVAILABILITY = YES_AGGRESSIVE;
				CLANG_WARN_UNREACHABLE_CODE = YES;
				CLANG_WARN__DUPLICATE_METHOD_MATCH = YES;
				COPY_PHASE_STRIP = NO;
				DEBUG_INFORMATION_FORMAT = "dwarf-with-dsym";
				ENABLE_NS_ASSERTIONS = NO;
				ENABLE_STRICT_OBJC_MSGSEND = YES;
				GCC_C_LANGUAGE_STANDARD = gnu11;
				GCC_NO_COMMON_BLOCKS = YES;
				GCC_WARN_64_TO_32_BIT_CONVERSION = YES;
				GCC_WARN_ABOUT_RETURN_TYPE = YES_ERROR;
				GCC_WARN_UNDECLARED_SELECTOR = YES;
				GCC_WARN_UNINITIALIZED_AUTOS = YES_AGGRESSIVE;
				GCC_WARN_UNUSED_FUNCTION = YES;
				GCC_WARN_UNUSED_VARIABLE = YES;
				IPHONEOS_DEPLOYMENT_TARGET = 16.4;
				MTL_ENABLE_DEBUG_INFO = NO;
				MTL_FAST_MATH = YES;
				SDKROOT = iphoneos;
				SWIFT_COMPILATION_MODE = wholemodule;
				SWIFT_OPTIMIZATION_LEVEL = "-O";
				VALIDATE_PRODUCT = YES;
			};
			name = Release;
		};
		B268465B2B20B4AE00B5AD8E /* Debug */ = {
			isa = XCBuildConfiguration;
			buildSettings = {
				ASSETCATALOG_COMPILER_APPICON_NAME = AppIcon;
				ASSETCATALOG_COMPILER_GLOBAL_ACCENT_COLOR_NAME = AccentColor;
				CODE_SIGN_STYLE = Automatic;
				CURRENT_PROJECT_VERSION = 1;
				DEVELOPMENT_ASSET_PATHS = "\"Integration/Preview Content\"";
				ENABLE_PREVIEWS = YES;
				GENERATE_INFOPLIST_FILE = YES;
				INFOPLIST_KEY_UIApplicationSceneManifest_Generation = YES;
				INFOPLIST_KEY_UIApplicationSupportsIndirectInputEvents = YES;
				INFOPLIST_KEY_UILaunchScreen_Generation = YES;
				INFOPLIST_KEY_UISupportedInterfaceOrientations_iPad = "UIInterfaceOrientationPortrait UIInterfaceOrientationPortraitUpsideDown UIInterfaceOrientationLandscapeLeft UIInterfaceOrientationLandscapeRight";
				INFOPLIST_KEY_UISupportedInterfaceOrientations_iPhone = "UIInterfaceOrientationPortrait UIInterfaceOrientationLandscapeLeft UIInterfaceOrientationLandscapeRight";
				LD_RUNPATH_SEARCH_PATHS = (
					"$(inherited)",
					"@executable_path/Frameworks",
				);
				MARKETING_VERSION = 1.0;
				PRODUCT_BUNDLE_IDENTIFIER = khalil.Integration;
				PRODUCT_NAME = "$(TARGET_NAME)";
				SWIFT_EMIT_LOC_STRINGS = YES;
				SWIFT_VERSION = 5.0;
				TARGETED_DEVICE_FAMILY = "1,2";
			};
			name = Debug;
		};
		B268465C2B20B4AE00B5AD8E /* Release */ = {
			isa = XCBuildConfiguration;
			buildSettings = {
				ASSETCATALOG_COMPILER_APPICON_NAME = AppIcon;
				ASSETCATALOG_COMPILER_GLOBAL_ACCENT_COLOR_NAME = AccentColor;
				CODE_SIGN_STYLE = Automatic;
				CURRENT_PROJECT_VERSION = 1;
				DEVELOPMENT_ASSET_PATHS = "\"Integration/Preview Content\"";
				ENABLE_PREVIEWS = YES;
				GENERATE_INFOPLIST_FILE = YES;
				INFOPLIST_KEY_UIApplicationSceneManifest_Generation = YES;
				INFOPLIST_KEY_UIApplicationSupportsIndirectInputEvents = YES;
				INFOPLIST_KEY_UILaunchScreen_Generation = YES;
				INFOPLIST_KEY_UISupportedInterfaceOrientations_iPad = "UIInterfaceOrientationPortrait UIInterfaceOrientationPortraitUpsideDown UIInterfaceOrientationLandscapeLeft UIInterfaceOrientationLandscapeRight";
				INFOPLIST_KEY_UISupportedInterfaceOrientations_iPhone = "UIInterfaceOrientationPortrait UIInterfaceOrientationLandscapeLeft UIInterfaceOrientationLandscapeRight";
				LD_RUNPATH_SEARCH_PATHS = (
					"$(inherited)",
					"@executable_path/Frameworks",
				);
				MARKETING_VERSION = 1.0;
				PRODUCT_BUNDLE_IDENTIFIER = khalil.Integration;
				PRODUCT_NAME = "$(TARGET_NAME)";
				SWIFT_EMIT_LOC_STRINGS = YES;
				SWIFT_VERSION = 5.0;
				TARGETED_DEVICE_FAMILY = "1,2";
			};
			name = Release;
		};
		B268465E2B20B4AE00B5AD8E /* Debug */ = {
			isa = XCBuildConfiguration;
			buildSettings = {
				ALWAYS_EMBED_SWIFT_STANDARD_LIBRARIES = YES;
				BUNDLE_LOADER = "$(TEST_HOST)";
				CODE_SIGN_STYLE = Automatic;
				CURRENT_PROJECT_VERSION = 1;
				GENERATE_INFOPLIST_FILE = YES;
				IPHONEOS_DEPLOYMENT_TARGET = 16.4;
				MARKETING_VERSION = 1.0;
				PRODUCT_BUNDLE_IDENTIFIER = khalil.IntegrationTests;
				PRODUCT_NAME = "$(TARGET_NAME)";
				SWIFT_EMIT_LOC_STRINGS = NO;
				SWIFT_VERSION = 5.0;
				TARGETED_DEVICE_FAMILY = "1,2";
				TEST_HOST = "$(BUILT_PRODUCTS_DIR)/Integration.app/$(BUNDLE_EXECUTABLE_FOLDER_PATH)/Integration";
			};
			name = Debug;
		};
		B268465F2B20B4AE00B5AD8E /* Release */ = {
			isa = XCBuildConfiguration;
			buildSettings = {
				ALWAYS_EMBED_SWIFT_STANDARD_LIBRARIES = YES;
				BUNDLE_LOADER = "$(TEST_HOST)";
				CODE_SIGN_STYLE = Automatic;
				CURRENT_PROJECT_VERSION = 1;
				GENERATE_INFOPLIST_FILE = YES;
				IPHONEOS_DEPLOYMENT_TARGET = 16.4;
				MARKETING_VERSION = 1.0;
				PRODUCT_BUNDLE_IDENTIFIER = khalil.IntegrationTests;
				PRODUCT_NAME = "$(TARGET_NAME)";
				SWIFT_EMIT_LOC_STRINGS = NO;
				SWIFT_VERSION = 5.0;
				TARGETED_DEVICE_FAMILY = "1,2";
				TEST_HOST = "$(BUILT_PRODUCTS_DIR)/Integration.app/$(BUNDLE_EXECUTABLE_FOLDER_PATH)/Integration";
			};
			name = Release;
		};
		B26846612B20B4AE00B5AD8E /* Debug */ = {
			isa = XCBuildConfiguration;
			buildSettings = {
				ALWAYS_EMBED_SWIFT_STANDARD_LIBRARIES = YES;
				CODE_SIGN_STYLE = Automatic;
				CURRENT_PROJECT_VERSION = 1;
				GENERATE_INFOPLIST_FILE = YES;
				MARKETING_VERSION = 1.0;
				PRODUCT_BUNDLE_IDENTIFIER = khalil.IntegrationUITests;
				PRODUCT_NAME = "$(TARGET_NAME)";
				SWIFT_EMIT_LOC_STRINGS = NO;
				SWIFT_VERSION = 5.0;
				TARGETED_DEVICE_FAMILY = "1,2";
				TEST_TARGET_NAME = Integration;
			};
			name = Debug;
		};
		B26846622B20B4AE00B5AD8E /* Release */ = {
			isa = XCBuildConfiguration;
			buildSettings = {
				ALWAYS_EMBED_SWIFT_STANDARD_LIBRARIES = YES;
				CODE_SIGN_STYLE = Automatic;
				CURRENT_PROJECT_VERSION = 1;
				GENERATE_INFOPLIST_FILE = YES;
				MARKETING_VERSION = 1.0;
				PRODUCT_BUNDLE_IDENTIFIER = khalil.IntegrationUITests;
				PRODUCT_NAME = "$(TARGET_NAME)";
				SWIFT_EMIT_LOC_STRINGS = NO;
				SWIFT_VERSION = 5.0;
				TARGETED_DEVICE_FAMILY = "1,2";
				TEST_TARGET_NAME = Integration;
			};
			name = Release;
		};
/* End XCBuildConfiguration section */

/* Begin XCConfigurationList section */
		B26846312B20B4AC00B5AD8E /* Build configuration list for PBXProject "Integration" */ = {
			isa = XCConfigurationList;
			buildConfigurations = (
				B26846582B20B4AE00B5AD8E /* Debug */,
				B26846592B20B4AE00B5AD8E /* Release */,
			);
			defaultConfigurationIsVisible = 0;
			defaultConfigurationName = Release;
		};
		B268465A2B20B4AE00B5AD8E /* Build configuration list for PBXNativeTarget "Integration" */ = {
			isa = XCConfigurationList;
			buildConfigurations = (
				B268465B2B20B4AE00B5AD8E /* Debug */,
				B268465C2B20B4AE00B5AD8E /* Release */,
			);
			defaultConfigurationIsVisible = 0;
			defaultConfigurationName = Release;
		};
		B268465D2B20B4AE00B5AD8E /* Build configuration list for PBXNativeTarget "IntegrationTests" */ = {
			isa = XCConfigurationList;
			buildConfigurations = (
				B268465E2B20B4AE00B5AD8E /* Debug */,
				B268465F2B20B4AE00B5AD8E /* Release */,
			);
			defaultConfigurationIsVisible = 0;
			defaultConfigurationName = Release;
		};
		B26846602B20B4AE00B5AD8E /* Build configuration list for PBXNativeTarget "IntegrationUITests" */ = {
			isa = XCConfigurationList;
			buildConfigurations = (
				B26846612B20B4AE00B5AD8E /* Debug */,
				B26846622B20B4AE00B5AD8E /* Release */,
			);
			defaultConfigurationIsVisible = 0;
			defaultConfigurationName = Release;
		};
/* End XCConfigurationList section */
	};
	rootObject = B268462E2B20B4AC00B5AD8E /* Project object */;
}
